
Microsoft Visual Studio Solution File, Format Version 12.00
# Visual Studio Version 16
VisualStudioVersion = 16.0.810.23
MinimumVisualStudioVersion = 10.0.40219.1
Project("{FAE04EC0-301F-11D3-BF4B-00C04F79EFBC}") = "ShinyTest.Android", "ShinyTest.Android\ShinyTest.Android.csproj", "{13B9D18C-F913-4241-959E-0316BD9A695F}"
EndProject
Project("{FAE04EC0-301F-11D3-BF4B-00C04F79EFBC}") = "ShinyTest.iOS", "ShinyTest.iOS\ShinyTest.iOS.csproj", "{3894B967-A7BE-4D60-81AA-2791791A79C0}"
EndProject
Project("{D954291E-2A0B-460D-934E-DC6B0785DB48}") = "ShinyTest", "ShinyTest\ShinyTest.shproj", "{EFB7CF36-9687-44F3-9349-AAD3C97F3DC3}"
EndProject
Global
	GlobalSection(SolutionConfigurationPlatforms) = preSolution
		Debug|Any CPU = Debug|Any CPU
		Release|Any CPU = Release|Any CPU
		Debug|iPhoneSimulator = Debug|iPhoneSimulator
		Release|iPhoneSimulator = Release|iPhoneSimulator
		Debug|iPhone = Debug|iPhone
		Release|iPhone = Release|iPhone
	EndGlobalSection
	GlobalSection(ProjectConfigurationPlatforms) = postSolution
		{13B9D18C-F913-4241-959E-0316BD9A695F}.Debug|Any CPU.ActiveCfg = Debug|Any CPU
		{13B9D18C-F913-4241-959E-0316BD9A695F}.Debug|Any CPU.Build.0 = Debug|Any CPU
		{13B9D18C-F913-4241-959E-0316BD9A695F}.Release|Any CPU.ActiveCfg = Release|Any CPU
		{13B9D18C-F913-4241-959E-0316BD9A695F}.Release|Any CPU.Build.0 = Release|Any CPU
		{13B9D18C-F913-4241-959E-0316BD9A695F}.Debug|iPhoneSimulator.ActiveCfg = Debug|Any CPU
		{13B9D18C-F913-4241-959E-0316BD9A695F}.Debug|iPhoneSimulator.Build.0 = Debug|Any CPU
		{13B9D18C-F913-4241-959E-0316BD9A695F}.Release|iPhoneSimulator.ActiveCfg = Release|Any CPU
		{13B9D18C-F913-4241-959E-0316BD9A695F}.Release|iPhoneSimulator.Build.0 = Release|Any CPU
		{13B9D18C-F913-4241-959E-0316BD9A695F}.Debug|iPhone.ActiveCfg = Debug|Any CPU
		{13B9D18C-F913-4241-959E-0316BD9A695F}.Debug|iPhone.Build.0 = Debug|Any CPU
		{13B9D18C-F913-4241-959E-0316BD9A695F}.Release|iPhone.ActiveCfg = Release|Any CPU
		{13B9D18C-F913-4241-959E-0316BD9A695F}.Release|iPhone.Build.0 = Release|Any CPU
		{3894B967-A7BE-4D60-81AA-2791791A79C0}.Debug|Any CPU.ActiveCfg = Debug|iPhoneSimulator
		{3894B967-A7BE-4D60-81AA-2791791A79C0}.Debug|Any CPU.Build.0 = Debug|iPhoneSimulator
		{3894B967-A7BE-4D60-81AA-2791791A79C0}.Release|Any CPU.ActiveCfg = Release|iPhoneSimulator
		{3894B967-A7BE-4D60-81AA-2791791A79C0}.Release|Any CPU.Build.0 = Release|iPhoneSimulator
		{3894B967-A7BE-4D60-81AA-2791791A79C0}.Debug|iPhoneSimulator.ActiveCfg = Debug|iPhoneSimulator
		{3894B967-A7BE-4D60-81AA-2791791A79C0}.Debug|iPhoneSimulator.Build.0 = Debug|iPhoneSimulator
		{3894B967-A7BE-4D60-81AA-2791791A79C0}.Release|iPhoneSimulator.ActiveCfg = Release|iPhoneSimulator
		{3894B967-A7BE-4D60-81AA-2791791A79C0}.Release|iPhoneSimulator.Build.0 = Release|iPhoneSimulator
		{3894B967-A7BE-4D60-81AA-2791791A79C0}.Debug|iPhone.ActiveCfg = Debug|iPhone
		{3894B967-A7BE-4D60-81AA-2791791A79C0}.Debug|iPhone.Build.0 = Debug|iPhone
		{3894B967-A7BE-4D60-81AA-2791791A79C0}.Release|iPhone.ActiveCfg = Release|iPhone
		{3894B967-A7BE-4D60-81AA-2791791A79C0}.Release|iPhone.Build.0 = Release|iPhone
	EndGlobalSection
	GlobalSection(SolutionProperties) = preSolution
		HideSolutionNode = FALSE
	EndGlobalSection
	GlobalSection(ExtensibilityGlobals) = postSolution
		SolutionGuid = {E66E44D4-4992-43A9-B4C2-568B9092C3CF}
	EndGlobalSection
EndGlobal
